<?xml version="1.0" encoding="UTF-8"?>
<Scheme
   LastUpgradeVersion = "0700"
   version = "1.3">
   <BuildAction
      parallelizeBuildables = "YES"
      buildImplicitDependencies = "YES">
      <BuildActionEntries>
         <BuildActionEntry
            buildForTesting = "YES"
            buildForRunning = "YES"
            buildForProfiling = "YES"
            buildForArchiving = "YES"
            buildForAnalyzing = "YES">
            <BuildableReference
               BuildableIdentifier = "primary"
               BlueprintIdentifier = "BB6EBE391BEE6F11004F951E"
               BuildableName = "hw4"
               BlueprintName = "hw4"
               ReferencedContainer = "container:hw4.xcodeproj">
            </BuildableReference>
         </BuildActionEntry>
      </BuildActionEntries>
   </BuildAction>
   <TestAction
      buildConfiguration = "Debug"
      selectedDebuggerIdentifier = "Xcode.DebuggerFoundation.Debugger.LLDB"
      selectedLauncherIdentifier = "Xcode.DebuggerFoundation.Launcher.LLDB"
      shouldUseLaunchSchemeArgsEnv = "YES">
      <Testables>
      </Testables>
      <MacroExpansion>
         <BuildableReference
            BuildableIdentifier = "primary"
            BlueprintIdentifier = "BB6EBE391BEE6F11004F951E"
            BuildableName = "hw4"
            BlueprintName = "hw4"
            ReferencedContainer = "container:hw4.xcodeproj">
         </BuildableReference>
      </MacroExpansion>
      <AdditionalOptions>
      </AdditionalOptions>
   </TestAction>
   <LaunchAction
      buildConfiguration = "Debug"
      selectedDebuggerIdentifier = "Xcode.DebuggerFoundation.Debugger.LLDB"
      selectedLauncherIdentifier = "Xcode.DebuggerFoundation.Launcher.LLDB"
      launchStyle = "0"
      useCustomWorkingDirectory = "NO"
      ignoresPersistentStateOnLaunch = "NO"
      debugDocumentVersioning = "YES"
      debugServiceExtension = "internal"
      allowLocationSimulation = "YES">
      <BuildableProductRunnable
         runnableDebuggingMode = "0">
         <BuildableReference
            BuildableIdentifier = "primary"
            BlueprintIdentifier = "BB6EBE391BEE6F11004F951E"
            BuildableName = "hw4"
            BlueprintName = "hw4"
            ReferencedContainer = "container:hw4.xcodeproj">
         </BuildableReference>
      </BuildableProductRunnable>
      <CommandLineArguments>
         <CommandLineArgument
            argument = "-h"
            isEnabled = "NO">
         </CommandLineArgument>
         <CommandLineArgument
            argument = "-f"
            isEnabled = "NO">
         </CommandLineArgument>
         <CommandLineArgument
            argument = "440"
            isEnabled = "NO">
         </CommandLineArgument>
         <CommandLineArgument
            argument = "-o "
            isEnabled = "YES">
         </CommandLineArgument>
         <CommandLineArgument
            argument = "/Users/kelseyhrubes/Documents/327/hw4/hw4/hw4/ofile.cs229"
            isEnabled = "YES">
         </CommandLineArgument>
         <CommandLineArgument
            argument = "mult5"
            isEnabled = "NO">
         </CommandLineArgument>
         <CommandLineArgument
            argument = "/Users/kelseyhrubes/Documents/327/hw4/hw4/hw4/sf2.cs229"
            isEnabled = "YES">
         </CommandLineArgument>
         <CommandLineArgument
            argument = "mult2"
            isEnabled = "NO">
         </CommandLineArgument>
         <CommandLineArgument
            argument = "/Users/kelseyhrubes/Documents/327/hw4/hw4/hw4/sf1.cs229"
            isEnabled = "YES">
         </CommandLineArgument>
         <CommandLineArgument
            argument = "--bits"
            isEnabled = "NO">
         </CommandLineArgument>
         <CommandLineArgument
            argument = "8"
            isEnabled = "NO">
         </CommandLineArgument>
         <CommandLineArgument
            argument = "--sr"
            isEnabled = "NO">
         </CommandLineArgument>
         <CommandLineArgument
            argument = "1000"
            isEnabled = "NO">
         </CommandLineArgument>
         <CommandLineArgument
            argument = "-a"
            isEnabled = "NO">
         </CommandLineArgument>
         <CommandLineArgument
            argument = ".1"
            isEnabled = "NO">
         </CommandLineArgument>
         <CommandLineArgument
            argument = "-d"
            isEnabled = "NO">
         </CommandLineArgument>
         <CommandLineArgument
            argument = ".1"
            isEnabled = "NO">
         </CommandLineArgument>
         <CommandLineArgument
            argument = "-s"
            isEnabled = "NO">
         </CommandLineArgument>
         <CommandLineArgument
            argument = ".8"
            isEnabled = "NO">
         </CommandLineArgument>
         <CommandLineArgument
            argument = "-r"
            isEnabled = "NO">
         </CommandLineArgument>
         <CommandLineArgument
            argument = ".5"
            isEnabled = "NO">
         </CommandLineArgument>
         <CommandLineArgument
            argument = "-t"
            isEnabled = "NO">
         </CommandLineArgument>
         <CommandLineArgument
            argument = "1.5"
            isEnabled = "NO">
         </CommandLineArgument>
         <CommandLineArgument
            argument = "-v"
            isEnabled = "NO">
         </CommandLineArgument>
         <CommandLineArgument
            argument = "1"
            isEnabled = "NO">
         </CommandLineArgument>
         <CommandLineArgument
            argument = "--pulse"
            isEnabled = "NO">
         </CommandLineArgument>
         <CommandLineArgument
            argument = "--pf"
            isEnabled = "NO">
         </CommandLineArgument>
         <CommandLineArgument
            argument = ".002"
            isEnabled = "NO">
         </CommandLineArgument>
         <CommandLineArgument
            argument = "--sin"
            isEnabled = "NO">
         </CommandLineArgument>
         <CommandLineArgument
            argument = "--triangle"
            isEnabled = "NO">
         </CommandLineArgument>
         <CommandLineArgument
            argument = "--sawtooth"
            isEnabled = "NO">
         </CommandLineArgument>
         <CommandLineArgument
            argument = "-backwards"
            isEnabled = "NO">
         </CommandLineArgument>
         <CommandLineArgument
            argument = "-pitchup"
            isEnabled = "NO">
         </CommandLineArgument>
         <CommandLineArgument
            argument = "2"
            isEnabled = "NO">
         </CommandLineArgument>
         <CommandLineArgument
            argument = "-pitchdown"
            isEnabled = "NO">
         </CommandLineArgument>
         <CommandLineArgument
            argument = "3"
            isEnabled = "NO">
         </CommandLineArgument>
         <CommandLineArgument
            argument = "-fadeinout"
            isEnabled = "NO">
         </CommandLineArgument>
         <CommandLineArgument
            argument = "-echo"
            isEnabled = "NO">
         </CommandLineArgument>
         <CommandLineArgument
            argument = "2"
            isEnabled = "NO">
         </CommandLineArgument>
      </CommandLineArguments>
      <AdditionalOptions>
      </AdditionalOptions>
   </LaunchAction>
   <ProfileAction
      buildConfiguration = "Release"
      shouldUseLaunchSchemeArgsEnv = "YES"
      savedToolIdentifier = ""
      useCustomWorkingDirectory = "NO"
      debugDocumentVersioning = "YES">
      <BuildableProductRunnable
         runnableDebuggingMode = "0">
         <BuildableReference
            BuildableIdentifier = "primary"
            BlueprintIdentifier = "BB6EBE391BEE6F11004F951E"
            BuildableName = "hw4"
            BlueprintName = "hw4"
            ReferencedContainer = "container:hw4.xcodeproj">
         </BuildableReference>
      </BuildableProductRunnable>
   </ProfileAction>
   <AnalyzeAction
      buildConfiguration = "Debug">
   </AnalyzeAction>
   <ArchiveAction
      buildConfiguration = "Release"
      revealArchiveInOrganizer = "YES">
   </ArchiveAction>
</Scheme>
